
Microsoft Visual Studio Solution File, Format Version 12.00
# Visual Studio Version 16
VisualStudioVersion = 16.0.30523.141
MinimumVisualStudioVersion = 10.0.40219.1
Project("{FAE04EC0-301F-11D3-BF4B-00C04F79EFBC}") = "Comics.DAL", "Comics.DAL\Comics.DAL.csproj", "{0BA94DBC-C341-41BA-B7A0-F45B92B67352}"
EndProject
Project("{FAE04EC0-301F-11D3-BF4B-00C04F79EFBC}") = "Comics.Services", "Comics.Services\Comics.Services.csproj", "{46B30AB1-570D-4424-B3E4-3C64DD34E656}"
EndProject
Project("{FAE04EC0-301F-11D3-BF4B-00C04F79EFBC}") = "Comics.Domain", "Comics.Domain\Comics.Domain.csproj", "{940E37D7-F4E5-4EFE-96A5-E267D7F66F57}"
EndProject
Project("{FAE04EC0-301F-11D3-BF4B-00C04F79EFBC}") = "Comics.Web", "Comics.Web\Comics.Web.csproj", "{DFFE9D38-4372-4BD0-8A97-0FA4C11EDCA1}"
EndProject
Global
	GlobalSection(SolutionConfigurationPlatforms) = preSolution
		Debug|Any CPU = Debug|Any CPU
		Release|Any CPU = Release|Any CPU
	EndGlobalSection
	GlobalSection(ProjectConfigurationPlatforms) = postSolution
		{0BA94DBC-C341-41BA-B7A0-F45B92B67352}.Debug|Any CPU.ActiveCfg = Debug|Any CPU
		{0BA94DBC-C341-41BA-B7A0-F45B92B67352}.Debug|Any CPU.Build.0 = Debug|Any CPU
		{0BA94DBC-C341-41BA-B7A0-F45B92B67352}.Release|Any CPU.ActiveCfg = Release|Any CPU
		{0BA94DBC-C341-41BA-B7A0-F45B92B67352}.Release|Any CPU.Build.0 = Release|Any CPU
		{46B30AB1-570D-4424-B3E4-3C64DD34E656}.Debug|Any CPU.ActiveCfg = Debug|Any CPU
		{46B30AB1-570D-4424-B3E4-3C64DD34E656}.Debug|Any CPU.Build.0 = Debug|Any CPU
		{46B30AB1-570D-4424-B3E4-3C64DD34E656}.Release|Any CPU.ActiveCfg = Release|Any CPU
		{46B30AB1-570D-4424-B3E4-3C64DD34E656}.Release|Any CPU.Build.0 = Release|Any CPU
		{940E37D7-F4E5-4EFE-96A5-E267D7F66F57}.Debug|Any CPU.ActiveCfg = Debug|Any CPU
		{940E37D7-F4E5-4EFE-96A5-E267D7F66F57}.Debug|Any CPU.Build.0 = Debug|Any CPU
		{940E37D7-F4E5-4EFE-96A5-E267D7F66F57}.Release|Any CPU.ActiveCfg = Release|Any CPU
		{940E37D7-F4E5-4EFE-96A5-E267D7F66F57}.Release|Any CPU.Build.0 = Release|Any CPU
		{DFFE9D38-4372-4BD0-8A97-0FA4C11EDCA1}.Debug|Any CPU.ActiveCfg = Debug|Any CPU
		{DFFE9D38-4372-4BD0-8A97-0FA4C11EDCA1}.Debug|Any CPU.Build.0 = Debug|Any CPU
		{DFFE9D38-4372-4BD0-8A97-0FA4C11EDCA1}.Release|Any CPU.ActiveCfg = Release|Any CPU
		{DFFE9D38-4372-4BD0-8A97-0FA4C11EDCA1}.Release|Any CPU.Build.0 = Release|Any CPU
	EndGlobalSection
	GlobalSection(SolutionProperties) = preSolution
		HideSolutionNode = FALSE
	EndGlobalSection
	GlobalSection(ExtensibilityGlobals) = postSolution
		SolutionGuid = {C8E09730-4F63-4480-864E-B3B0884E78DF}
	EndGlobalSection
EndGlobal
